
Microsoft Visual Studio Solution File, Format Version 12.00
# Visual Studio Version 17
VisualStudioVersion = 17.3.32901.215
MinimumVisualStudioVersion = 10.0.40219.1
Project("{FAE04EC0-301F-11D3-BF4B-00C04F79EFBC}") = "LibraryManagementSystem", "LibraryManagementSystem\LibraryManagementSystem.csproj", "{F9A651B0-AA0A-4CA5-BF74-A21936DCE7BA}"
EndProject
Global
	GlobalSection(SolutionConfigurationPlatforms) = preSolution
		Debug|Any CPU = Debug|Any CPU
		Release|Any CPU = Release|Any CPU
	EndGlobalSection
	GlobalSection(ProjectConfigurationPlatforms) = postSolution
		{F9A651B0-AA0A-4CA5-BF74-A21936DCE7BA}.Debug|Any CPU.ActiveCfg = Debug|Any CPU
		{F9A651B0-AA0A-4CA5-BF74-A21936DCE7BA}.Debug|Any CPU.Build.0 = Debug|Any CPU
		{F9A651B0-AA0A-4CA5-BF74-A21936DCE7BA}.Release|Any CPU.ActiveCfg = Release|Any CPU
		{F9A651B0-AA0A-4CA5-BF74-A21936DCE7BA}.Release|Any CPU.Build.0 = Release|Any CPU
	EndGlobalSection
	GlobalSection(SolutionProperties) = preSolution
		HideSolutionNode = FALSE
	EndGlobalSection
	GlobalSection(ExtensibilityGlobals) = postSolution
		SolutionGuid = {C35A7384-B383-4F72-9014-35ADCE64179E}
	EndGlobalSection
EndGlobal
